
Microsoft Visual Studio Solution File, Format Version 12.00
# Visual Studio 14
VisualStudioVersion = 14.0.25420.1
MinimumVisualStudioVersion = 10.0.40219.1
Project("{FAE04EC0-301F-11D3-BF4B-00C04F79EFBC}") = "Driver", "Driver\Driver.csproj", "{07103A7A-E388-461F-96BC-AE2CFE79D9D5}"
EndProject
Project("{FAE04EC0-301F-11D3-BF4B-00C04F79EFBC}") = "MintButtonMasherCore", "MintButtonMasherCore\MintButtonMasherCore.csproj", "{81B130BC-9517-4710-8225-8B6DFBBFDAE3}"
EndProject
Project("{FAE04EC0-301F-11D3-BF4B-00C04F79EFBC}") = "MintFileUtil", "MintFileUtil\MintFileUtil.csproj", "{AA01FD6C-5A9D-4E41-B501-DFE0CCB28F97}"
EndProject
Global
	GlobalSection(SolutionConfigurationPlatforms) = preSolution
		Debug|Any CPU = Debug|Any CPU
		Release|Any CPU = Release|Any CPU
	EndGlobalSection
	GlobalSection(ProjectConfigurationPlatforms) = postSolution
		{07103A7A-E388-461F-96BC-AE2CFE79D9D5}.Debug|Any CPU.ActiveCfg = Debug|Any CPU
		{07103A7A-E388-461F-96BC-AE2CFE79D9D5}.Debug|Any CPU.Build.0 = Debug|Any CPU
		{07103A7A-E388-461F-96BC-AE2CFE79D9D5}.Release|Any CPU.ActiveCfg = Release|Any CPU
		{07103A7A-E388-461F-96BC-AE2CFE79D9D5}.Release|Any CPU.Build.0 = Release|Any CPU
		{81B130BC-9517-4710-8225-8B6DFBBFDAE3}.Debug|Any CPU.ActiveCfg = Debug|Any CPU
		{81B130BC-9517-4710-8225-8B6DFBBFDAE3}.Debug|Any CPU.Build.0 = Debug|Any CPU
		{81B130BC-9517-4710-8225-8B6DFBBFDAE3}.Release|Any CPU.ActiveCfg = Release|Any CPU
		{81B130BC-9517-4710-8225-8B6DFBBFDAE3}.Release|Any CPU.Build.0 = Release|Any CPU
		{AA01FD6C-5A9D-4E41-B501-DFE0CCB28F97}.Debug|Any CPU.ActiveCfg = Debug|Any CPU
		{AA01FD6C-5A9D-4E41-B501-DFE0CCB28F97}.Debug|Any CPU.Build.0 = Debug|Any CPU
		{AA01FD6C-5A9D-4E41-B501-DFE0CCB28F97}.Release|Any CPU.ActiveCfg = Release|Any CPU
		{AA01FD6C-5A9D-4E41-B501-DFE0CCB28F97}.Release|Any CPU.Build.0 = Release|Any CPU
	EndGlobalSection
	GlobalSection(SolutionProperties) = preSolution
		HideSolutionNode = FALSE
	EndGlobalSection
EndGlobal
